
Microsoft Visual Studio Solution File, Format Version 12.00
# Visual Studio Version 17
VisualStudioVersion = 17.4.33122.133
MinimumVisualStudioVersion = 10.0.40219.1
Project("{FAE04EC0-301F-11D3-BF4B-00C04F79EFBC}") = "Game", "Game\Game.csproj", "{59176767-596D-46F9-AD96-F8427831ED3A}"
EndProject
Global
	GlobalSection(SolutionConfigurationPlatforms) = preSolution
		Debug|Any CPU = Debug|Any CPU
		Release|Any CPU = Release|Any CPU
	EndGlobalSection
	GlobalSection(ProjectConfigurationPlatforms) = postSolution
		{59176767-596D-46F9-AD96-F8427831ED3A}.Debug|Any CPU.ActiveCfg = Debug|Any CPU
		{59176767-596D-46F9-AD96-F8427831ED3A}.Debug|Any CPU.Build.0 = Debug|Any CPU
		{59176767-596D-46F9-AD96-F8427831ED3A}.Release|Any CPU.ActiveCfg = Release|Any CPU
		{59176767-596D-46F9-AD96-F8427831ED3A}.Release|Any CPU.Build.0 = Release|Any CPU
	EndGlobalSection
	GlobalSection(SolutionProperties) = preSolution
		HideSolutionNode = FALSE
	EndGlobalSection
	GlobalSection(ExtensibilityGlobals) = postSolution
		SolutionGuid = {151E291F-BF95-4C30-B26C-7A627F4C66D5}
	EndGlobalSection
EndGlobal
